// !$*UTF8*$!
{
	archiveVersion = 1;
	classes = {
	};
	objectVersion = 50;
	objects = {

/* Begin PBXBuildFile section */
		49303FCD23B8C10500E0AD15 /* AppDelegate.swift in Sources */ = {isa = PBXBuildFile; fileRef = 49303FCC23B8C10500E0AD15 /* AppDelegate.swift */; };
		49303FCF23B8C10500E0AD15 /* SceneDelegate.swift in Sources */ = {isa = PBXBuildFile; fileRef = 49303FCE23B8C10500E0AD15 /* SceneDelegate.swift */; };
		49303FD123B8C10500E0AD15 /* ViewController.swift in Sources */ = {isa = PBXBuildFile; fileRef = 49303FD023B8C10500E0AD15 /* ViewController.swift */; };
		49303FD423B8C10500E0AD15 /* Main.storyboard in Resources */ = {isa = PBXBuildFile; fileRef = 49303FD223B8C10500E0AD15 /* Main.storyboard */; };
		49303FD623B8C10C00E0AD15 /* Assets.xcassets in Resources */ = {isa = PBXBuildFile; fileRef = 49303FD523B8C10C00E0AD15 /* Assets.xcassets */; };
		49303FD923B8C10C00E0AD15 /* LaunchScreen.storyboard in Resources */ = {isa = PBXBuildFile; fileRef = 49303FD723B8C10C00E0AD15 /* LaunchScreen.storyboard */; };
/* End PBXBuildFile section */

/* Begin PBXFileReference section */
		49303FC923B8C10500E0AD15 /* HamburgerDelegate.app */ = {isa = PBXFileReference; explicitFileType = wrapper.application; includeInIndex = 0; path = HamburgerDelegate.app; sourceTree = BUILT_PRODUCTS_DIR; };
		49303FCC23B8C10500E0AD15 /* AppDelegate.swift */ = {isa = PBXFileReference; lastKnownFileType = sourcecode.swift; path = AppDelegate.swift; sourceTree = "<group>"; };
		49303FCE23B8C10500E0AD15 /* SceneDelegate.swift */ = {isa = PBXFileReference; lastKnownFileType = sourcecode.swift; path = SceneDelegate.swift; sourceTree = "<group>"; };
		49303FD023B8C10500E0AD15 /* ViewController.swift */ = {isa = PBXFileReference; lastKnownFileType = sourcecode.swift; path = ViewController.swift; sourceTree = "<group>"; };
		49303FD323B8C10500E0AD15 /* Base */ = {isa = PBXFileReference; lastKnownFileType = file.storyboard; name = Base; path = Base.lproj/Main.storyboard; sourceTree = "<group>"; };
		49303FD523B8C10C00E0AD15 /* Assets.xcassets */ = {isa = PBXFileReference; lastKnownFileType = folder.assetcatalog; path = Assets.xcassets; sourceTree = "<group>"; };
		49303FD823B8C10C00E0AD15 /* Base */ = {isa = PBXFileReference; lastKnownFileType = file.storyboard; name = Base; path = Base.lproj/LaunchScreen.storyboard; sourceTree = "<group>"; };
		49303FDA23B8C10C00E0AD15 /* Info.plist */ = {isa = PBXFileReference; lastKnownFileType = text.plist.xml; path = Info.plist; sourceTree = "<group>"; };
/* End PBXFileReference section */

/* Begin PBXFrameworksBuildPhase section */
		49303FC623B8C10500E0AD15 /* Frameworks */ = {
			isa = PBXFrameworksBuildPhase;
			buildActionMask = 2147483647;
			files = (
			);
			runOnlyForDeploymentPostprocessing = 0;
		};
/* End PBXFrameworksBuildPhase section */

/* Begin PBXGroup section */
		49303FC023B8C10500E0AD15 = {
			isa = PBXGroup;
			children = (
				49303FCB23B8C10500E0AD15 /* HamburgerDelegate */,
				49303FCA23B8C10500E0AD15 /* Products */,
			);
			sourceTree = "<group>";
		};
		49303FCA23B8C10500E0AD15 /* Products */ = {
			isa = PBXGroup;
			children = (
				49303FC923B8C10500E0AD15 /* HamburgerDelegate.app */,
			);
			name = Products;
			sourceTree = "<group>";
		};
		49303FCB23B8C10500E0AD15 /* HamburgerDelegate */ = {
			isa = PBXGroup;
			children = (
				49303FCC23B8C10500E0AD15 /* AppDelegate.swift */,
				49303FCE23B8C10500E0AD15 /* SceneDelegate.swift */,
				49303FD023B8C10500E0AD15 /* ViewController.swift */,
				49303FD223B8C10500E0AD15 /* Main.storyboard */,
				49303FD523B8C10C00E0AD15 /* Assets.xcassets */,
				49303FD723B8C10C00E0AD15 /* LaunchScreen.storyboard */,
				49303FDA23B8C10C00E0AD15 /* Info.plist */,
			);
			path = HamburgerDelegate;
			sourceTree = "<group>";
		};
/* End PBXGroup section */

/* Begin PBXNativeTarget section */
		49303FC823B8C10500E0AD15 /* HamburgerDelegate */ = {
			isa = PBXNativeTarget;
			buildConfigurationList = 49303FDD23B8C10C00E0AD15 /* Build configuration list for PBXNativeTarget "HamburgerDelegate" */;
			buildPhases = (
				49303FC523B8C10500E0AD15 /* Sources */,
				49303FC623B8C10500E0AD15 /* Frameworks */,
				49303FC723B8C10500E0AD15 /* Resources */,
			);
			buildRules = (
			);
			dependencies = (
			);
			name = HamburgerDelegate;
			productName = HamburgerDelegate;
			productReference = 49303FC923B8C10500E0AD15 /* HamburgerDelegate.app */;
			productType = "com.apple.product-type.application";
		};
/* End PBXNativeTarget section */

/* Begin PBXProject section */
		49303FC123B8C10500E0AD15 /* Project object */ = {
			isa = PBXProject;
			attributes = {
				LastSwiftUpdateCheck = 1130;
				LastUpgradeCheck = 1130;
				ORGANIZATIONNAME = airy;
				TargetAttributes = {
					49303FC823B8C10500E0AD15 = {
						CreatedOnToolsVersion = 11.3;
					};
				};
			};
			buildConfigurationList = 49303FC423B8C10500E0AD15 /* Build configuration list for PBXProject "HamburgerDelegate" */;
			compatibilityVersion = "Xcode 9.3";
			developmentRegion = en;
			hasScannedForEncodings = 0;
			knownRegions = (
				en,
				Base,
			);
			mainGroup = 49303FC023B8C10500E0AD15;
			productRefGroup = 49303FCA23B8C10500E0AD15 /* Products */;
			projectDirPath = "";
			projectRoot = "";
			targets = (
				49303FC823B8C10500E0AD15 /* HamburgerDelegate */,
			);
		};
/* End PBXProject section */

/* Begin PBXResourcesBuildPhase section */
		49303FC723B8C10500E0AD15 /* Resources */ = {
			isa = PBXResourcesBuildPhase;
			buildActionMask = 2147483647;
			files = (
				49303FD923B8C10C00E0AD15 /* LaunchScreen.storyboard in Resources */,
				49303FD623B8C10C00E0AD15 /* Assets.xcassets in Resources */,
				49303FD423B8C10500E0AD15 /* Main.storyboard in Resources */,
			);
			runOnlyForDeploymentPostprocessing = 0;
		};
/* End PBXResourcesBuildPhase section */

/* Begin PBXSourcesBuildPhase section */
		49303FC523B8C10500E0AD15 /* Sources */ = {
			isa = PBXSourcesBuildPhase;
			buildActionMask = 2147483647;
			files = (
				49303FD123B8C10500E0AD15 /* ViewController.swift in Sources */,
				49303FCD23B8C10500E0AD15 /* AppDelegate.swift in Sources */,
				49303FCF23B8C10500E0AD15 /* SceneDelegate.swift in Sources */,
			);
			runOnlyForDeploymentPostprocessing = 0;
		};
/* End PBXSourcesBuildPhase section */

/* Begin PBXVariantGroup section */
		49303FD223B8C10500E0AD15 /* Main.storyboard */ = {
			isa = PBXVariantGroup;
			children = (
				49303FD323B8C10500E0AD15 /* Base */,
			);
			name = Main.storyboard;
			sourceTree = "<group>";
		};
		49303FD723B8C10C00E0AD15 /* LaunchScreen.storyboard */ = {
			isa = PBXVariantGroup;
			children = (
				49303FD823B8C10C00E0AD15 /* Base */,
			);
			name = LaunchScreen.storyboard;
			sourceTree = "<group>";
		};
/* End PBXVariantGroup section */

/* Begin XCBuildConfiguration section */
		49303FDB23B8C10C00E0AD15 /* Debug */ = {
			isa = XCBuildConfiguration;
			buildSettings = {
				ALWAYS_SEARCH_USER_PATHS = NO;
				CLANG_ANALYZER_NONNULL = YES;
				CLANG_ANALYZER_NUMBER_OBJECT_CONVERSION = YES_AGGRESSIVE;
				CLANG_CXX_LANGUAGE_STANDARD = "gnu++14";
				CLANG_CXX_LIBRARY = "libc++";
				CLANG_ENABLE_MODULES = YES;
				CLANG_ENABLE_OBJC_ARC = YES;
				CLANG_ENABLE_OBJC_WEAK = YES;
				CLANG_WARN_BLOCK_CAPTURE_AUTORELEASING = YES;
				CLANG_WARN_BOOL_CONVERSION = YES;
				CLANG_WARN_COMMA = YES;
				CLANG_WARN_CONSTANT_CONVERSION = YES;
				CLANG_WARN_DEPRECATED_OBJC_IMPLEMENTATIONS = YES;
				CLANG_WARN_DIRECT_OBJC_ISA_USAGE = YES_ERROR;
				CLANG_WARN_DOCUMENTATION_COMMENTS = YES;
				CLANG_WARN_EMPTY_BODY = YES;
				CLANG_WARN_ENUM_CONVERSION = YES;
				CLANG_WARN_INFINITE_RECURSION = YES;
				CLANG_WARN_INT_CONVERSION = YES;
				CLANG_WARN_NON_LITERAL_NULL_CONVERSION = YES;
				CLANG_WARN_OBJC_IMPLICIT_RETAIN_SELF = YES;
				CLANG_WARN_OBJC_LITERAL_CONVERSION = YES;
				CLANG_WARN_OBJC_ROOT_CLASS = YES_ERROR;
				CLANG_WARN_RANGE_LOOP_ANALYSIS = YES;
				CLANG_WARN_STRICT_PROTOTYPES = YES;
				CLANG_WARN_SUSPICIOUS_MOVE = YES;
				CLANG_WARN_UNGUARDED_AVAILABILITY = YES_AGGRESSIVE;
				CLANG_WARN_UNREACHABLE_CODE = YES;
				CLANG_WARN__DUPLICATE_METHOD_MATCH = YES;
				COPY_PHASE_STRIP = NO;
				DEBUG_INFORMATION_FORMAT = dwarf;
				ENABLE_STRICT_OBJC_MSGSEND = YES;
				ENABLE_TESTABILITY = YES;
				GCC_C_LANGUAGE_STANDARD = gnu11;
				GCC_DYNAMIC_NO_PIC = NO;
				GCC_NO_COMMON_BLOCKS = YES;
				GCC_OPTIMIZATION_LEVEL = 0;
				GCC_PREPROCESSOR_DEFINITIONS = (
					"DEBUG=1",
					"$(inherited)",
				);
				GCC_WARN_64_TO_32_BIT_CONVERSION = YES;
				GCC_WARN_ABOUT_RETURN_TYPE = YES_ERROR;
				GCC_WARN_UNDECLARED_SELECTOR = YES;
				GCC_WARN_UNINITIALIZED_AUTOS = YES_AGGRESSIVE;
				GCC_WARN_UNUSED_FUNCTION = YES;
				GCC_WARN_UNUSED_VARIABLE = YES;
				IPHONEOS_DEPLOYMENT_TARGET = 13.2;
				MTL_ENABLE_DEBUG_INFO = INCLUDE_SOURCE;
				MTL_FAST_MATH = YES;
				ONLY_ACTIVE_ARCH = YES;
				SDKROOT = iphoneos;
				SWIFT_ACTIVE_COMPILATION_CONDITIONS = DEBUG;
				SWIFT_OPTIMIZATION_LEVEL = "-Onone";
			};
			name = Debug;
		};
		49303FDC23B8C10C00E0AD15 /* Release */ = {
			isa = XCBuildConfiguration;
			buildSettings = {
				ALWAYS_SEARCH_USER_PATHS = NO;
				CLANG_ANALYZER_NONNULL = YES;
				CLANG_ANALYZER_NUMBER_OBJECT_CONVERSION = YES_AGGRESSIVE;
				CLANG_CXX_LANGUAGE_STANDARD = "gnu++14";
				CLANG_CXX_LIBRARY = "libc++";
				CLANG_ENABLE_MODULES = YES;
				CLANG_ENABLE_OBJC_ARC = YES;
				CLANG_ENABLE_OBJC_WEAK = YES;
				CLANG_WARN_BLOCK_CAPTURE_AUTORELEASING = YES;
				CLANG_WARN_BOOL_CONVERSION = YES;
				CLANG_WARN_COMMA = YES;
				CLANG_WARN_CONSTANT_CONVERSION = YES;
				CLANG_WARN_DEPRECATED_OBJC_IMPLEMENTATIONS = YES;
				CLANG_WARN_DIRECT_OBJC_ISA_USAGE = YES_ERROR;
				CLANG_WARN_DOCUMENTATION_COMMENTS = YES;
				CLANG_WARN_EMPTY_BODY = YES;
				CLANG_WARN_ENUM_CONVERSION = YES;
				CLANG_WARN_INFINITE_RECURSION = YES;
				CLANG_WARN_INT_CONVERSION = YES;
				CLANG_WARN_NON_LITERAL_NULL_CONVERSION = YES;
				CLANG_WARN_OBJC_IMPLICIT_RETAIN_SELF = YES;
				CLANG_WARN_OBJC_LITERAL_CONVERSION = YES;
				CLANG_WARN_OBJC_ROOT_CLASS = YES_ERROR;
				CLANG_WARN_RANGE_LOOP_ANALYSIS = YES;
				CLANG_WARN_STRICT_PROTOTYPES = YES;
				CLANG_WARN_SUSPICIOUS_MOVE = YES;
				CLANG_WARN_UNGUARDED_AVAILABILITY = YES_AGGRESSIVE;
				CLANG_WARN_UNREACHABLE_CODE = YES;
				CLANG_WARN__DUPLICATE_METHOD_MATCH = YES;
				COPY_PHASE_STRIP = NO;
				DEBUG_INFORMATION_FORMAT = "dwarf-with-dsym";
				ENABLE_NS_ASSERTIONS = NO;
				ENABLE_STRICT_OBJC_MSGSEND = YES;
				GCC_C_LANGUAGE_STANDARD = gnu11;
				GCC_NO_COMMON_BLOCKS = YES;
				GCC_WARN_64_TO_32_BIT_CONVERSION = YES;
				GCC_WARN_ABOUT_RETURN_TYPE = YES_ERROR;
				GCC_WARN_UNDECLARED_SELECTOR = YES;
				GCC_WARN_UNINITIALIZED_AUTOS = YES_AGGRESSIVE;
				GCC_WARN_UNUSED_FUNCTION = YES;
				GCC_WARN_UNUSED_VARIABLE = YES;
				IPHONEOS_DEPLOYMENT_TARGET = 13.2;
				MTL_ENABLE_DEBUG_INFO = NO;
				MTL_FAST_MATH = YES;
				SDKROOT = iphoneos;
				SWIFT_COMPILATION_MODE = wholemodule;
				SWIFT_OPTIMIZATION_LEVEL = "-O";
				VALIDATE_PRODUCT = YES;
			};
			name = Release;
		};
		49303FDE23B8C10C00E0AD15 /* Debug */ = {
			isa = XCBuildConfiguration;
			buildSettings = {
				ASSETCATALOG_COMPILER_APPICON_NAME = AppIcon;
				CODE_SIGN_STYLE = Automatic;
				DEVELOPMENT_TEAM = R2389A7VT6;
				INFOPLIST_FILE = HamburgerDelegate/Info.plist;
				LD_RUNPATH_SEARCH_PATHS = (
					"$(inherited)",
					"@executable_path/Frameworks",
				);
				PRODUCT_BUNDLE_IDENTIFIER = "thanks.xa-gmail.com.HamburgerDelegate";
				PRODUCT_NAME = "$(TARGET_NAME)";
				SWIFT_VERSION = 5.0;
				TARGETED_DEVICE_FAMILY = "1,2";
			};
			name = Debug;
		};
		49303FDF23B8C10C00E0AD15 /* Release */ = {
			isa = XCBuildConfiguration;
			buildSettings = {
				ASSETCATALOG_COMPILER_APPICON_NAME = AppIcon;
				CODE_SIGN_STYLE = Automatic;
				DEVELOPMENT_TEAM = R2389A7VT6;
				INFOPLIST_FILE = HamburgerDelegate/Info.plist;
				LD_RUNPATH_SEARCH_PATHS = (
					"$(inherited)",
					"@executable_path/Frameworks",
				);
				PRODUCT_BUNDLE_IDENTIFIER = "thanks.xa-gmail.com.HamburgerDelegate";
				PRODUCT_NAME = "$(TARGET_NAME)";
				SWIFT_VERSION = 5.0;
				TARGETED_DEVICE_FAMILY = "1,2";
			};
			name = Release;
		};
/* End XCBuildConfiguration section */

/* Begin XCConfigurationList section */
		49303FC423B8C10500E0AD15 /* Build configuration list for PBXProject "HamburgerDelegate" */ = {
			isa = XCConfigurationList;
			buildConfigurations = (
				49303FDB23B8C10C00E0AD15 /* Debug */,
				49303FDC23B8C10C00E0AD15 /* Release */,
			);
			defaultConfigurationIsVisible = 0;
			defaultConfigurationName = Release;
		};
		49303FDD23B8C10C00E0AD15 /* Build configuration list for PBXNativeTarget "HamburgerDelegate" */ = {
			isa = XCConfigurationList;
			buildConfigurations = (
				49303FDE23B8C10C00E0AD15 /* Debug */,
				49303FDF23B8C10C00E0AD15 /* Release */,
			);
			defaultConfigurationIsVisible = 0;
			defaultConfigurationName = Release;
		};
/* End XCConfigurationList section */
	};
	rootObject = 49303FC123B8C10500E0AD15 /* Project object */;
}
